// !$*UTF8*$!
{
	archiveVersion = 1;
	classes = {
	};
	objectVersion = 56;
	objects = {

/* Begin PBXBuildFile section */
		3469D83024B3F591C7A9671C /* Pods_YF312.framework in Frameworks */ = {isa = PBXBuildFile; fileRef = 05CC98484EA453E232241204 /* Pods_YF312.framework */; };
		AB1611D228ED615400342D75 /* NotificationView.swift in Sources */ = {isa = PBXBuildFile; fileRef = AB1611D128ED615400342D75 /* NotificationView.swift */; };
		AB6E888928DAEF9700A7CDD8 /* MQTTManager.swift in Sources */ = {isa = PBXBuildFile; fileRef = AB6E887928DAEF9700A7CDD8 /* MQTTManager.swift */; };
		AB6E888A28DAEF9700A7CDD8 /* MQTTAppState.swift in Sources */ = {isa = PBXBuildFile; fileRef = AB6E887B28DAEF9700A7CDD8 /* MQTTAppState.swift */; };
		AB6E888B28DAEF9700A7CDD8 /* BaseButtonStyle.swift in Sources */ = {isa = PBXBuildFile; fileRef = AB6E887E28DAEF9700A7CDD8 /* BaseButtonStyle.swift */; };
		AB6E888C28DAEF9700A7CDD8 /* ConnectionStatusBar.swift in Sources */ = {isa = PBXBuildFile; fileRef = AB6E888028DAEF9700A7CDD8 /* ConnectionStatusBar.swift */; };
		AB6E888D28DAEF9700A7CDD8 /* MQTTTextField.swift in Sources */ = {isa = PBXBuildFile; fileRef = AB6E888128DAEF9700A7CDD8 /* MQTTTextField.swift */; };
		AB6E888E28DAEF9700A7CDD8 /* TextView.swift in Sources */ = {isa = PBXBuildFile; fileRef = AB6E888228DAEF9700A7CDD8 /* TextView.swift */; };
		AB6E888F28DAEF9700A7CDD8 /* SettingsView.swift in Sources */ = {isa = PBXBuildFile; fileRef = AB6E888628DAEF9700A7CDD8 /* SettingsView.swift */; };
		AB6E889028DAEF9700A7CDD8 /* MessagesView.swift in Sources */ = {isa = PBXBuildFile; fileRef = AB6E888828DAEF9700A7CDD8 /* MessagesView.swift */; };
		AB6E889228DAF2A600A7CDD8 /* ConnectView.swift in Sources */ = {isa = PBXBuildFile; fileRef = AB6E889128DAF2A600A7CDD8 /* ConnectView.swift */; };
		ABDAC07428D304E40040192A /* YF312App.swift in Sources */ = {isa = PBXBuildFile; fileRef = ABDAC07328D304E40040192A /* YF312App.swift */; };
		ABDAC07628D304E40040192A /* ContentView.swift in Sources */ = {isa = PBXBuildFile; fileRef = ABDAC07528D304E40040192A /* ContentView.swift */; };
		ABDAC07828D304E40040192A /* Assets.xcassets in Resources */ = {isa = PBXBuildFile; fileRef = ABDAC07728D304E40040192A /* Assets.xcassets */; };
		ABDAC07B28D304E40040192A /* Preview Assets.xcassets in Resources */ = {isa = PBXBuildFile; fileRef = ABDAC07A28D304E40040192A /* Preview Assets.xcassets */; };
		ABDAC08228D304FF0040192A /* HomeObjects.swift in Sources */ = {isa = PBXBuildFile; fileRef = ABDAC08128D304FF0040192A /* HomeObjects.swift */; };
		ABDAC08428D3070D0040192A /* GridView.swift in Sources */ = {isa = PBXBuildFile; fileRef = ABDAC08328D3070D0040192A /* GridView.swift */; };
		ABDAC08628D307320040192A /* GadgetView.swift in Sources */ = {isa = PBXBuildFile; fileRef = ABDAC08528D307320040192A /* GadgetView.swift */; };
		ABDAC08828D31F380040192A /* AddGadgetView.swift in Sources */ = {isa = PBXBuildFile; fileRef = ABDAC08728D31F380040192A /* AddGadgetView.swift */; };
		ABDAC08A28D328180040192A /* AddAutomationView.swift in Sources */ = {isa = PBXBuildFile; fileRef = ABDAC08928D328180040192A /* AddAutomationView.swift */; };
		ABEB88CC28D3494500A5E829 /* AutomationView.swift in Sources */ = {isa = PBXBuildFile; fileRef = ABEB88CB28D3494500A5E829 /* AutomationView.swift */; };
/* End PBXBuildFile section */

/* Begin PBXFileReference section */
		05CC98484EA453E232241204 /* Pods_YF312.framework */ = {isa = PBXFileReference; explicitFileType = wrapper.framework; includeInIndex = 0; path = Pods_YF312.framework; sourceTree = BUILT_PRODUCTS_DIR; };
		1CD2E6831B3E1B9E5932BA94 /* Pods-YF312.release.xcconfig */ = {isa = PBXFileReference; includeInIndex = 1; lastKnownFileType = text.xcconfig; name = "Pods-YF312.release.xcconfig"; path = "Target Support Files/Pods-YF312/Pods-YF312.release.xcconfig"; sourceTree = "<group>"; };
		A80ABDA2BAF219535DD08C31 /* Pods-YF312.debug.xcconfig */ = {isa = PBXFileReference; includeInIndex = 1; lastKnownFileType = text.xcconfig; name = "Pods-YF312.debug.xcconfig"; path = "Target Support Files/Pods-YF312/Pods-YF312.debug.xcconfig"; sourceTree = "<group>"; };
		AB1611D128ED615400342D75 /* NotificationView.swift */ = {isa = PBXFileReference; lastKnownFileType = sourcecode.swift; path = NotificationView.swift; sourceTree = "<group>"; };
		AB6E887928DAEF9700A7CDD8 /* MQTTManager.swift */ = {isa = PBXFileReference; fileEncoding = 4; lastKnownFileType = sourcecode.swift; path = MQTTManager.swift; sourceTree = "<group>"; };
		AB6E887B28DAEF9700A7CDD8 /* MQTTAppState.swift */ = {isa = PBXFileReference; fileEncoding = 4; lastKnownFileType = sourcecode.swift; path = MQTTAppState.swift; sourceTree = "<group>"; };
		AB6E887E28DAEF9700A7CDD8 /* BaseButtonStyle.swift */ = {isa = PBXFileReference; fileEncoding = 4; lastKnownFileType = sourcecode.swift; path = BaseButtonStyle.swift; sourceTree = "<group>"; };
		AB6E888028DAEF9700A7CDD8 /* ConnectionStatusBar.swift */ = {isa = PBXFileReference; fileEncoding = 4; lastKnownFileType = sourcecode.swift; path = ConnectionStatusBar.swift; sourceTree = "<group>"; };
		AB6E888128DAEF9700A7CDD8 /* MQTTTextField.swift */ = {isa = PBXFileReference; fileEncoding = 4; lastKnownFileType = sourcecode.swift; path = MQTTTextField.swift; sourceTree = "<group>"; };
		AB6E888228DAEF9700A7CDD8 /* TextView.swift */ = {isa = PBXFileReference; fileEncoding = 4; lastKnownFileType = sourcecode.swift; path = TextView.swift; sourceTree = "<group>"; };
		AB6E888628DAEF9700A7CDD8 /* SettingsView.swift */ = {isa = PBXFileReference; fileEncoding = 4; lastKnownFileType = sourcecode.swift; path = SettingsView.swift; sourceTree = "<group>"; };
		AB6E888828DAEF9700A7CDD8 /* MessagesView.swift */ = {isa = PBXFileReference; fileEncoding = 4; lastKnownFileType = sourcecode.swift; path = MessagesView.swift; sourceTree = "<group>"; };
		AB6E889128DAF2A600A7CDD8 /* ConnectView.swift */ = {isa = PBXFileReference; lastKnownFileType = sourcecode.swift; path = ConnectView.swift; sourceTree = "<group>"; };
		ABDAC07028D304E40040192A /* YF312.app */ = {isa = PBXFileReference; explicitFileType = wrapper.application; includeInIndex = 0; path = YF312.app; sourceTree = BUILT_PRODUCTS_DIR; };
		ABDAC07328D304E40040192A /* YF312App.swift */ = {isa = PBXFileReference; lastKnownFileType = sourcecode.swift; path = YF312App.swift; sourceTree = "<group>"; };
		ABDAC07528D304E40040192A /* ContentView.swift */ = {isa = PBXFileReference; lastKnownFileType = sourcecode.swift; path = ContentView.swift; sourceTree = "<group>"; };
		ABDAC07728D304E40040192A /* Assets.xcassets */ = {isa = PBXFileReference; lastKnownFileType = folder.assetcatalog; path = Assets.xcassets; sourceTree = "<group>"; };
		ABDAC07A28D304E40040192A /* Preview Assets.xcassets */ = {isa = PBXFileReference; lastKnownFileType = folder.assetcatalog; path = "Preview Assets.xcassets"; sourceTree = "<group>"; };
		ABDAC08128D304FF0040192A /* HomeObjects.swift */ = {isa = PBXFileReference; lastKnownFileType = sourcecode.swift; path = HomeObjects.swift; sourceTree = "<group>"; };
		ABDAC08328D3070D0040192A /* GridView.swift */ = {isa = PBXFileReference; lastKnownFileType = sourcecode.swift; path = GridView.swift; sourceTree = "<group>"; };
		ABDAC08528D307320040192A /* GadgetView.swift */ = {isa = PBXFileReference; lastKnownFileType = sourcecode.swift; path = GadgetView.swift; sourceTree = "<group>"; };
		ABDAC08728D31F380040192A /* AddGadgetView.swift */ = {isa = PBXFileReference; lastKnownFileType = sourcecode.swift; path = AddGadgetView.swift; sourceTree = "<group>"; };
		ABDAC08928D328180040192A /* AddAutomationView.swift */ = {isa = PBXFileReference; lastKnownFileType = sourcecode.swift; path = AddAutomationView.swift; sourceTree = "<group>"; };
		ABEB88CB28D3494500A5E829 /* AutomationView.swift */ = {isa = PBXFileReference; lastKnownFileType = sourcecode.swift; path = AutomationView.swift; sourceTree = "<group>"; };
/* End PBXFileReference section */

/* Begin PBXFrameworksBuildPhase section */
		ABDAC06D28D304E40040192A /* Frameworks */ = {
			isa = PBXFrameworksBuildPhase;
			buildActionMask = 2147483647;
			files = (
				3469D83024B3F591C7A9671C /* Pods_YF312.framework in Frameworks */,
			);
			runOnlyForDeploymentPostprocessing = 0;
		};
/* End PBXFrameworksBuildPhase section */

/* Begin PBXGroup section */
		2A6A75917D45FD16C6190AEE /* Frameworks */ = {
			isa = PBXGroup;
			children = (
				05CC98484EA453E232241204 /* Pods_YF312.framework */,
			);
			name = Frameworks;
			sourceTree = "<group>";
		};
		9E13B85CBA1E5E9C49CC92FB /* Pods */ = {
			isa = PBXGroup;
			children = (
				A80ABDA2BAF219535DD08C31 /* Pods-YF312.debug.xcconfig */,
				1CD2E6831B3E1B9E5932BA94 /* Pods-YF312.release.xcconfig */,
			);
			path = Pods;
			sourceTree = "<group>";
		};
		AB6E887728DAEF9700A7CDD8 /* Core */ = {
			isa = PBXGroup;
			children = (
				AB6E887828DAEF9700A7CDD8 /* ViewModels */,
				AB6E887A28DAEF9700A7CDD8 /* Models */,
				AB6E887C28DAEF9700A7CDD8 /* Styles */,
				AB6E887F28DAEF9700A7CDD8 /* Views */,
			);
			path = Core;
			sourceTree = "<group>";
		};
		AB6E887828DAEF9700A7CDD8 /* ViewModels */ = {
			isa = PBXGroup;
			children = (
				AB6E887928DAEF9700A7CDD8 /* MQTTManager.swift */,
			);
			path = ViewModels;
			sourceTree = "<group>";
		};
		AB6E887A28DAEF9700A7CDD8 /* Models */ = {
			isa = PBXGroup;
			children = (
				AB6E887B28DAEF9700A7CDD8 /* MQTTAppState.swift */,
			);
			path = Models;
			sourceTree = "<group>";
		};
		AB6E887C28DAEF9700A7CDD8 /* Styles */ = {
			isa = PBXGroup;
			children = (
				AB6E887D28DAEF9700A7CDD8 /* Button */,
			);
			path = Styles;
			sourceTree = "<group>";
		};
		AB6E887D28DAEF9700A7CDD8 /* Button */ = {
			isa = PBXGroup;
			children = (
				AB6E887E28DAEF9700A7CDD8 /* BaseButtonStyle.swift */,
			);
			path = Button;
			sourceTree = "<group>";
		};
		AB6E887F28DAEF9700A7CDD8 /* Views */ = {
			isa = PBXGroup;
			children = (
				AB6E888028DAEF9700A7CDD8 /* ConnectionStatusBar.swift */,
				AB6E888128DAEF9700A7CDD8 /* MQTTTextField.swift */,
				AB6E888228DAEF9700A7CDD8 /* TextView.swift */,
			);
			path = Views;
			sourceTree = "<group>";
		};
		AB6E888328DAEF9700A7CDD8 /* Modules */ = {
			isa = PBXGroup;
			children = (
				AB6E888428DAEF9700A7CDD8 /* Settings */,
				AB6E888728DAEF9700A7CDD8 /* Message */,
			);
			path = Modules;
			sourceTree = "<group>";
		};
		AB6E888428DAEF9700A7CDD8 /* Settings */ = {
			isa = PBXGroup;
			children = (
				AB6E888528DAEF9700A7CDD8 /* Views */,
			);
			path = Settings;
			sourceTree = "<group>";
		};
		AB6E888528DAEF9700A7CDD8 /* Views */ = {
			isa = PBXGroup;
			children = (
				AB6E888628DAEF9700A7CDD8 /* SettingsView.swift */,
			);
			path = Views;
			sourceTree = "<group>";
		};
		AB6E888728DAEF9700A7CDD8 /* Message */ = {
			isa = PBXGroup;
			children = (
				AB6E888828DAEF9700A7CDD8 /* MessagesView.swift */,
			);
			path = Message;
			sourceTree = "<group>";
		};
		ABDAC06728D304E40040192A = {
			isa = PBXGroup;
			children = (
				ABDAC07228D304E40040192A /* YF312 */,
				ABDAC07128D304E40040192A /* Products */,
				9E13B85CBA1E5E9C49CC92FB /* Pods */,
				2A6A75917D45FD16C6190AEE /* Frameworks */,
			);
			sourceTree = "<group>";
		};
		ABDAC07128D304E40040192A /* Products */ = {
			isa = PBXGroup;
			children = (
				ABDAC07028D304E40040192A /* YF312.app */,
			);
			name = Products;
			sourceTree = "<group>";
		};
		ABDAC07228D304E40040192A /* YF312 */ = {
			isa = PBXGroup;
			children = (
				AB6E887728DAEF9700A7CDD8 /* Core */,
				AB6E888328DAEF9700A7CDD8 /* Modules */,
				ABDAC08928D328180040192A /* AddAutomationView.swift */,
				ABDAC08728D31F380040192A /* AddGadgetView.swift */,
				ABEB88CB28D3494500A5E829 /* AutomationView.swift */,
				AB6E889128DAF2A600A7CDD8 /* ConnectView.swift */,
				ABDAC07528D304E40040192A /* ContentView.swift */,
				AB1611D128ED615400342D75 /* NotificationView.swift */,
				ABDAC08328D3070D0040192A /* GridView.swift */,
				ABDAC08528D307320040192A /* GadgetView.swift */,
				ABDAC08128D304FF0040192A /* HomeObjects.swift */,
				ABDAC07328D304E40040192A /* YF312App.swift */,
				ABDAC07728D304E40040192A /* Assets.xcassets */,
				ABDAC07928D304E40040192A /* Preview Content */,
			);
			path = YF312;
			sourceTree = "<group>";
		};
		ABDAC07928D304E40040192A /* Preview Content */ = {
			isa = PBXGroup;
			children = (
				ABDAC07A28D304E40040192A /* Preview Assets.xcassets */,
			);
			path = "Preview Content";
			sourceTree = "<group>";
		};
/* End PBXGroup section */

/* Begin PBXNativeTarget section */
		ABDAC06F28D304E40040192A /* YF312 */ = {
			isa = PBXNativeTarget;
			buildConfigurationList = ABDAC07E28D304E40040192A /* Build configuration list for PBXNativeTarget "YF312" */;
			buildPhases = (
				D2EAB5EDFDF78E2E566882CC /* [CP] Check Pods Manifest.lock */,
				ABDAC06C28D304E40040192A /* Sources */,
				ABDAC06D28D304E40040192A /* Frameworks */,
				ABDAC06E28D304E40040192A /* Resources */,
				5189351A62D599AA03F81BDB /* [CP] Embed Pods Frameworks */,
			);
			buildRules = (
			);
			dependencies = (
			);
			name = YF312;
			productName = YF312;
			productReference = ABDAC07028D304E40040192A /* YF312.app */;
			productType = "com.apple.product-type.application";
		};
/* End PBXNativeTarget section */

/* Begin PBXProject section */
		ABDAC06828D304E40040192A /* Project object */ = {
			isa = PBXProject;
			attributes = {
				BuildIndependentTargetsInParallel = 1;
				LastSwiftUpdateCheck = 1400;
				LastUpgradeCheck = 1400;
				TargetAttributes = {
					ABDAC06F28D304E40040192A = {
						CreatedOnToolsVersion = 14.0;
					};
				};
			};
			buildConfigurationList = ABDAC06B28D304E40040192A /* Build configuration list for PBXProject "YF312" */;
			compatibilityVersion = "Xcode 14.0";
			developmentRegion = en;
			hasScannedForEncodings = 0;
			knownRegions = (
				en,
				Base,
			);
			mainGroup = ABDAC06728D304E40040192A;
			productRefGroup = ABDAC07128D304E40040192A /* Products */;
			projectDirPath = "";
			projectRoot = "";
			targets = (
				ABDAC06F28D304E40040192A /* YF312 */,
			);
		};
/* End PBXProject section */

/* Begin PBXResourcesBuildPhase section */
		ABDAC06E28D304E40040192A /* Resources */ = {
			isa = PBXResourcesBuildPhase;
			buildActionMask = 2147483647;
			files = (
				ABDAC07B28D304E40040192A /* Preview Assets.xcassets in Resources */,
				ABDAC07828D304E40040192A /* Assets.xcassets in Resources */,
			);
			runOnlyForDeploymentPostprocessing = 0;
		};
/* End PBXResourcesBuildPhase section */

/* Begin PBXShellScriptBuildPhase section */
		5189351A62D599AA03F81BDB /* [CP] Embed Pods Frameworks */ = {
			isa = PBXShellScriptBuildPhase;
			buildActionMask = 2147483647;
			files = (
			);
			inputFileListPaths = (
				"${PODS_ROOT}/Target Support Files/Pods-YF312/Pods-YF312-frameworks-${CONFIGURATION}-input-files.xcfilelist",
			);
			name = "[CP] Embed Pods Frameworks";
			outputFileListPaths = (
				"${PODS_ROOT}/Target Support Files/Pods-YF312/Pods-YF312-frameworks-${CONFIGURATION}-output-files.xcfilelist",
			);
			runOnlyForDeploymentPostprocessing = 0;
			shellPath = /bin/sh;
			shellScript = "\"${PODS_ROOT}/Target Support Files/Pods-YF312/Pods-YF312-frameworks.sh\"\n";
			showEnvVarsInLog = 0;
		};
		D2EAB5EDFDF78E2E566882CC /* [CP] Check Pods Manifest.lock */ = {
			isa = PBXShellScriptBuildPhase;
			buildActionMask = 2147483647;
			files = (
			);
			inputFileListPaths = (
			);
			inputPaths = (
				"${PODS_PODFILE_DIR_PATH}/Podfile.lock",
				"${PODS_ROOT}/Manifest.lock",
			);
			name = "[CP] Check Pods Manifest.lock";
			outputFileListPaths = (
			);
			outputPaths = (
				"$(DERIVED_FILE_DIR)/Pods-YF312-checkManifestLockResult.txt",
			);
			runOnlyForDeploymentPostprocessing = 0;
			shellPath = /bin/sh;
			shellScript = "diff \"${PODS_PODFILE_DIR_PATH}/Podfile.lock\" \"${PODS_ROOT}/Manifest.lock\" > /dev/null\nif [ $? != 0 ] ; then\n    # print error to STDERR\n    echo \"error: The sandbox is not in sync with the Podfile.lock. Run 'pod install' or update your CocoaPods installation.\" >&2\n    exit 1\nfi\n# This output is used by Xcode 'outputs' to avoid re-running this script phase.\necho \"SUCCESS\" > \"${SCRIPT_OUTPUT_FILE_0}\"\n";
			showEnvVarsInLog = 0;
		};
/* End PBXShellScriptBuildPhase section */

/* Begin PBXSourcesBuildPhase section */
		ABDAC06C28D304E40040192A /* Sources */ = {
			isa = PBXSourcesBuildPhase;
			buildActionMask = 2147483647;
			files = (
				AB6E889028DAEF9700A7CDD8 /* MessagesView.swift in Sources */,
				AB6E888F28DAEF9700A7CDD8 /* SettingsView.swift in Sources */,
				ABDAC08628D307320040192A /* GadgetView.swift in Sources */,
				AB6E888A28DAEF9700A7CDD8 /* MQTTAppState.swift in Sources */,
				AB6E888928DAEF9700A7CDD8 /* MQTTManager.swift in Sources */,
				AB6E888E28DAEF9700A7CDD8 /* TextView.swift in Sources */,
				ABDAC07628D304E40040192A /* ContentView.swift in Sources */,
				ABDAC08828D31F380040192A /* AddGadgetView.swift in Sources */,
				ABEB88CC28D3494500A5E829 /* AutomationView.swift in Sources */,
				ABDAC08228D304FF0040192A /* HomeObjects.swift in Sources */,
				AB6E888B28DAEF9700A7CDD8 /* BaseButtonStyle.swift in Sources */,
				AB6E889228DAF2A600A7CDD8 /* ConnectView.swift in Sources */,
				ABDAC08A28D328180040192A /* AddAutomationView.swift in Sources */,
				AB6E888C28DAEF9700A7CDD8 /* ConnectionStatusBar.swift in Sources */,
				ABDAC08428D3070D0040192A /* GridView.swift in Sources */,
				AB6E888D28DAEF9700A7CDD8 /* MQTTTextField.swift in Sources */,
				ABDAC07428D304E40040192A /* YF312App.swift in Sources */,
				AB1611D228ED615400342D75 /* NotificationView.swift in Sources */,
			);
			runOnlyForDeploymentPostprocessing = 0;
		};
/* End PBXSourcesBuildPhase section */

/* Begin XCBuildConfiguration section */
		ABDAC07C28D304E40040192A /* Debug */ = {
			isa = XCBuildConfiguration;
			buildSettings = {
				ALWAYS_SEARCH_USER_PATHS = NO;
				CLANG_ANALYZER_NONNULL = YES;
				CLANG_ANALYZER_NUMBER_OBJECT_CONVERSION = YES_AGGRESSIVE;
				CLANG_CXX_LANGUAGE_STANDARD = "gnu++20";
				CLANG_ENABLE_MODULES = YES;
				CLANG_ENABLE_OBJC_ARC = YES;
				CLANG_ENABLE_OBJC_WEAK = YES;
				CLANG_WARN_BLOCK_CAPTURE_AUTORELEASING = YES;
				CLANG_WARN_BOOL_CONVERSION = YES;
				CLANG_WARN_COMMA = YES;
				CLANG_WARN_CONSTANT_CONVERSION = YES;
				CLANG_WARN_DEPRECATED_OBJC_IMPLEMENTATIONS = YES;
				CLANG_WARN_DIRECT_OBJC_ISA_USAGE = YES_ERROR;
				CLANG_WARN_DOCUMENTATION_COMMENTS = YES;
				CLANG_WARN_EMPTY_BODY = YES;
				CLANG_WARN_ENUM_CONVERSION = YES;
				CLANG_WARN_INFINITE_RECURSION = YES;
				CLANG_WARN_INT_CONVERSION = YES;
				CLANG_WARN_NON_LITERAL_NULL_CONVERSION = YES;
				CLANG_WARN_OBJC_IMPLICIT_RETAIN_SELF = YES;
				CLANG_WARN_OBJC_LITERAL_CONVERSION = YES;
				CLANG_WARN_OBJC_ROOT_CLASS = YES_ERROR;
				CLANG_WARN_QUOTED_INCLUDE_IN_FRAMEWORK_HEADER = YES;
				CLANG_WARN_RANGE_LOOP_ANALYSIS = YES;
				CLANG_WARN_STRICT_PROTOTYPES = YES;
				CLANG_WARN_SUSPICIOUS_MOVE = YES;
				CLANG_WARN_UNGUARDED_AVAILABILITY = YES_AGGRESSIVE;
				CLANG_WARN_UNREACHABLE_CODE = YES;
				CLANG_WARN__DUPLICATE_METHOD_MATCH = YES;
				COPY_PHASE_STRIP = NO;
				DEBUG_INFORMATION_FORMAT = dwarf;
				ENABLE_STRICT_OBJC_MSGSEND = YES;
				ENABLE_TESTABILITY = YES;
				GCC_C_LANGUAGE_STANDARD = gnu11;
				GCC_DYNAMIC_NO_PIC = NO;
				GCC_NO_COMMON_BLOCKS = YES;
				GCC_OPTIMIZATION_LEVEL = 0;
				GCC_PREPROCESSOR_DEFINITIONS = (
					"DEBUG=1",
					"$(inherited)",
				);
				GCC_WARN_64_TO_32_BIT_CONVERSION = YES;
				GCC_WARN_ABOUT_RETURN_TYPE = YES_ERROR;
				GCC_WARN_UNDECLARED_SELECTOR = YES;
				GCC_WARN_UNINITIALIZED_AUTOS = YES_AGGRESSIVE;
				GCC_WARN_UNUSED_FUNCTION = YES;
				GCC_WARN_UNUSED_VARIABLE = YES;
				IPHONEOS_DEPLOYMENT_TARGET = 16.0;
				MTL_ENABLE_DEBUG_INFO = INCLUDE_SOURCE;
				MTL_FAST_MATH = YES;
				ONLY_ACTIVE_ARCH = YES;
				SDKROOT = iphoneos;
				SWIFT_ACTIVE_COMPILATION_CONDITIONS = DEBUG;
				SWIFT_OPTIMIZATION_LEVEL = "-Onone";
			};
			name = Debug;
		};
		ABDAC07D28D304E40040192A /* Release */ = {
			isa = XCBuildConfiguration;
			buildSettings = {
				ALWAYS_SEARCH_USER_PATHS = NO;
				CLANG_ANALYZER_NONNULL = YES;
				CLANG_ANALYZER_NUMBER_OBJECT_CONVERSION = YES_AGGRESSIVE;
				CLANG_CXX_LANGUAGE_STANDARD = "gnu++20";
				CLANG_ENABLE_MODULES = YES;
				CLANG_ENABLE_OBJC_ARC = YES;
				CLANG_ENABLE_OBJC_WEAK = YES;
				CLANG_WARN_BLOCK_CAPTURE_AUTORELEASING = YES;
				CLANG_WARN_BOOL_CONVERSION = YES;
				CLANG_WARN_COMMA = YES;
				CLANG_WARN_CONSTANT_CONVERSION = YES;
				CLANG_WARN_DEPRECATED_OBJC_IMPLEMENTATIONS = YES;
				CLANG_WARN_DIRECT_OBJC_ISA_USAGE = YES_ERROR;
				CLANG_WARN_DOCUMENTATION_COMMENTS = YES;
				CLANG_WARN_EMPTY_BODY = YES;
				CLANG_WARN_ENUM_CONVERSION = YES;
				CLANG_WARN_INFINITE_RECURSION = YES;
				CLANG_WARN_INT_CONVERSION = YES;
				CLANG_WARN_NON_LITERAL_NULL_CONVERSION = YES;
				CLANG_WARN_OBJC_IMPLICIT_RETAIN_SELF = YES;
				CLANG_WARN_OBJC_LITERAL_CONVERSION = YES;
				CLANG_WARN_OBJC_ROOT_CLASS = YES_ERROR;
				CLANG_WARN_QUOTED_INCLUDE_IN_FRAMEWORK_HEADER = YES;
				CLANG_WARN_RANGE_LOOP_ANALYSIS = YES;
				CLANG_WARN_STRICT_PROTOTYPES = YES;
				CLANG_WARN_SUSPICIOUS_MOVE = YES;
				CLANG_WARN_UNGUARDED_AVAILABILITY = YES_AGGRESSIVE;
				CLANG_WARN_UNREACHABLE_CODE = YES;
				CLANG_WARN__DUPLICATE_METHOD_MATCH = YES;
				COPY_PHASE_STRIP = NO;
				DEBUG_INFORMATION_FORMAT = "dwarf-with-dsym";
				ENABLE_NS_ASSERTIONS = NO;
				ENABLE_STRICT_OBJC_MSGSEND = YES;
				GCC_C_LANGUAGE_STANDARD = gnu11;
				GCC_NO_COMMON_BLOCKS = YES;
				GCC_WARN_64_TO_32_BIT_CONVERSION = YES;
				GCC_WARN_ABOUT_RETURN_TYPE = YES_ERROR;
				GCC_WARN_UNDECLARED_SELECTOR = YES;
				GCC_WARN_UNINITIALIZED_AUTOS = YES_AGGRESSIVE;
				GCC_WARN_UNUSED_FUNCTION = YES;
				GCC_WARN_UNUSED_VARIABLE = YES;
				IPHONEOS_DEPLOYMENT_TARGET = 16.0;
				MTL_ENABLE_DEBUG_INFO = NO;
				MTL_FAST_MATH = YES;
				SDKROOT = iphoneos;
				SWIFT_COMPILATION_MODE = wholemodule;
				SWIFT_OPTIMIZATION_LEVEL = "-O";
				VALIDATE_PRODUCT = YES;
			};
			name = Release;
		};
		ABDAC07F28D304E40040192A /* Debug */ = {
			isa = XCBuildConfiguration;
			baseConfigurationReference = A80ABDA2BAF219535DD08C31 /* Pods-YF312.debug.xcconfig */;
			buildSettings = {
				ASSETCATALOG_COMPILER_APPICON_NAME = AppIcon;
				ASSETCATALOG_COMPILER_GLOBAL_ACCENT_COLOR_NAME = AccentColor;
				CODE_SIGN_STYLE = Automatic;
				CURRENT_PROJECT_VERSION = 1;
				DEVELOPMENT_ASSET_PATHS = "\"YF312/Preview Content\"";
				DEVELOPMENT_TEAM = TRJ8Y82Q33;
				ENABLE_PREVIEWS = YES;
				GENERATE_INFOPLIST_FILE = YES;
				INFOPLIST_KEY_UIApplicationSceneManifest_Generation = YES;
				INFOPLIST_KEY_UIApplicationSupportsIndirectInputEvents = YES;
				INFOPLIST_KEY_UILaunchScreen_Generation = YES;
				INFOPLIST_KEY_UISupportedInterfaceOrientations_iPad = "UIInterfaceOrientationPortrait UIInterfaceOrientationPortraitUpsideDown UIInterfaceOrientationLandscapeLeft UIInterfaceOrientationLandscapeRight";
				INFOPLIST_KEY_UISupportedInterfaceOrientations_iPhone = "UIInterfaceOrientationPortrait UIInterfaceOrientationLandscapeLeft UIInterfaceOrientationLandscapeRight";
				LD_RUNPATH_SEARCH_PATHS = (
					"$(inherited)",
					"@executable_path/Frameworks",
				);
				MARKETING_VERSION = 1.0;
				PRODUCT_BUNDLE_IDENTIFIER = moe.shunitsu.YF312;
				PRODUCT_NAME = "$(TARGET_NAME)";
				SWIFT_EMIT_LOC_STRINGS = YES;
				SWIFT_VERSION = 5.0;
				TARGETED_DEVICE_FAMILY = "1,2";
			};
			name = Debug;
		};
		ABDAC08028D304E40040192A /* Release */ = {
			isa = XCBuildConfiguration;
			baseConfigurationReference = 1CD2E6831B3E1B9E5932BA94 /* Pods-YF312.release.xcconfig */;
			buildSettings = {
				ASSETCATALOG_COMPILER_APPICON_NAME = AppIcon;
				ASSETCATALOG_COMPILER_GLOBAL_ACCENT_COLOR_NAME = AccentColor;
				CODE_SIGN_STYLE = Automatic;
				CURRENT_PROJECT_VERSION = 1;
				DEVELOPMENT_ASSET_PATHS = "\"YF312/Preview Content\"";
				DEVELOPMENT_TEAM = TRJ8Y82Q33;
				ENABLE_PREVIEWS = YES;
				GENERATE_INFOPLIST_FILE = YES;
				INFOPLIST_KEY_UIApplicationSceneManifest_Generation = YES;
				INFOPLIST_KEY_UIApplicationSupportsIndirectInputEvents = YES;
				INFOPLIST_KEY_UILaunchScreen_Generation = YES;
				INFOPLIST_KEY_UISupportedInterfaceOrientations_iPad = "UIInterfaceOrientationPortrait UIInterfaceOrientationPortraitUpsideDown UIInterfaceOrientationLandscapeLeft UIInterfaceOrientationLandscapeRight";
				INFOPLIST_KEY_UISupportedInterfaceOrientations_iPhone = "UIInterfaceOrientationPortrait UIInterfaceOrientationLandscapeLeft UIInterfaceOrientationLandscapeRight";
				LD_RUNPATH_SEARCH_PATHS = (
					"$(inherited)",
					"@executable_path/Frameworks",
				);
				MARKETING_VERSION = 1.0;
				PRODUCT_BUNDLE_IDENTIFIER = moe.shunitsu.YF312;
				PRODUCT_NAME = "$(TARGET_NAME)";
				SWIFT_EMIT_LOC_STRINGS = YES;
				SWIFT_VERSION = 5.0;
				TARGETED_DEVICE_FAMILY = "1,2";
			};
			name = Release;
		};
/* End XCBuildConfiguration section */

/* Begin XCConfigurationList section */
		ABDAC06B28D304E40040192A /* Build configuration list for PBXProject "YF312" */ = {
			isa = XCConfigurationList;
			buildConfigurations = (
				ABDAC07C28D304E40040192A /* Debug */,
				ABDAC07D28D304E40040192A /* Release */,
			);
			defaultConfigurationIsVisible = 0;
			defaultConfigurationName = Release;
		};
		ABDAC07E28D304E40040192A /* Build configuration list for PBXNativeTarget "YF312" */ = {
			isa = XCConfigurationList;
			buildConfigurations = (
				ABDAC07F28D304E40040192A /* Debug */,
				ABDAC08028D304E40040192A /* Release */,
			);
			defaultConfigurationIsVisible = 0;
			defaultConfigurationName = Release;
		};
/* End XCConfigurationList section */
	};
	rootObject = ABDAC06828D304E40040192A /* Project object */;
}
